
Microsoft Visual Studio Solution File, Format Version 12.00
# Visual Studio Version 17
VisualStudioVersion = 17.5.2.0
MinimumVisualStudioVersion = 10.0.40219.1
Project("{FAE04EC0-301F-11D3-BF4B-00C04F79EFBC}") = "BeMusicSeeker", "BeMusicSeeker.csproj", "{33E7E0D8-D206-8C09-251E-B9FA15A51400}"
EndProject
Project("{FAE04EC0-301F-11D3-BF4B-00C04F79EFBC}") = "BeMusicSeeker.Tests", "BeMusicSeeker.Tests\BeMusicSeeker.Tests.csproj", "{08827251-D3EA-44B9-9A44-69E82A694EB4}"
EndProject
Project("{FAE04EC0-301F-11D3-BF4B-00C04F79EFBC}") = "BeMusicSeeker.Updater", "BeMusicSeeker.Updater\BeMusicSeeker.Updater.csproj", "{C4B3F2DA-8F17-4C66-A1B5-FD2F5DB98754}"
EndProject
Global
	GlobalSection(SolutionConfigurationPlatforms) = preSolution
		Debug|x64 = Debug|x64
		Release|x64 = Release|x64
	EndGlobalSection
	GlobalSection(ProjectConfigurationPlatforms) = postSolution
		{33E7E0D8-D206-8C09-251E-B9FA15A51400}.Debug|x64.ActiveCfg = Debug|x64
		{33E7E0D8-D206-8C09-251E-B9FA15A51400}.Debug|x64.Build.0 = Debug|x64
		{33E7E0D8-D206-8C09-251E-B9FA15A51400}.Release|x64.ActiveCfg = Release|x64
		{33E7E0D8-D206-8C09-251E-B9FA15A51400}.Release|x64.Build.0 = Release|x64
		{08827251-D3EA-44B9-9A44-69E82A694EB4}.Debug|x64.ActiveCfg = Debug|x64
		{08827251-D3EA-44B9-9A44-69E82A694EB4}.Debug|x64.Build.0 = Debug|x64
		{08827251-D3EA-44B9-9A44-69E82A694EB4}.Release|x64.ActiveCfg = Release|x64
		{08827251-D3EA-44B9-9A44-69E82A694EB4}.Release|x64.Build.0 = Release|x64
		{C4B3F2DA-8F17-4C66-A1B5-FD2F5DB98754}.Debug|x64.ActiveCfg = Debug|x64
		{C4B3F2DA-8F17-4C66-A1B5-FD2F5DB98754}.Debug|x64.Build.0 = Debug|x64
		{C4B3F2DA-8F17-4C66-A1B5-FD2F5DB98754}.Release|x64.ActiveCfg = Release|x64
		{C4B3F2DA-8F17-4C66-A1B5-FD2F5DB98754}.Release|x64.Build.0 = Release|x64
	EndGlobalSection
	GlobalSection(SolutionProperties) = preSolution
		HideSolutionNode = FALSE
	EndGlobalSection
	GlobalSection(ExtensibilityGlobals) = postSolution
		SolutionGuid = {14FB730F-A17D-46E1-AD39-E258688D9DB9}
	EndGlobalSection
EndGlobal
