{
  "version": 2,
  "dependencies": {
    "net10.0-windows7.0": {
      "LivetCask.Core": {
        "type": "Direct",
        "requested": "[4.0.2, )",
        "resolved": "4.0.2",
        "contentHash": "/Cp5areP4R0rSxBQNCIUhrvRrT9aOFl90oW/j/t+tiXvByhjLkweVzfmrjNKQD0jRJCaxipZkK+3twVFCtKXwg=="
      },
      "LivetCask.EventListeners": {
        "type": "Direct",
        "requested": "[4.0.2, )",
        "resolved": "4.0.2",
        "contentHash": "bRcfcgP6Ncc2In2Jla+V5YKZ+M6fRyJwx7aMKO9MShD1r9ZsYz7UY3x7XrQoRav8Q7zIENupJJo0r7xxdEYBOQ==",
        "dependencies": {
          "LivetCask.Core": "4.0.2"
        }
      },
      "LivetCask.Mvvm": {
        "type": "Direct",
        "requested": "[4.0.2, )",
        "resolved": "4.0.2",
        "contentHash": "lrqCgHGRC6YHmhivfF+g23c8Q4j2mgCgBkfNuhJ45SqlEdgjIzeUfMLC9BwHsdRnN6Iso6ezAWgL02OsQcZrWQ==",
        "dependencies": {
          "LivetCask.Messaging": "4.0.2"
        }
      },
      "ManagedBass": {
        "type": "Direct",
        "requested": "[4.0.2, 4.0.2]",
        "resolved": "4.0.2",
        "contentHash": "EzVnBGxqjSzRgLuo94Muauvk1SPwD3LOOHp+4c33iC1EBez+mDW71+gJL35E9V5U5Sb/WNeJxnzHtUNOeOfqdw=="
      },
      "ManagedBass.Asio": {
        "type": "Direct",
        "requested": "[4.0.2, 4.0.2]",
        "resolved": "4.0.2",
        "contentHash": "wf+TnwkXb4ho2gebkRe38nQZYrL8wR54SunVaXon6oOab1RyLJxmhPiyvFz/hPgNO5zvVroxlSlYeXLk4OE50A==",
        "dependencies": {
          "ManagedBass": "4.0.2"
        }
      },
      "ManagedBass.Enc": {
        "type": "Direct",
        "requested": "[4.0.2, 4.0.2]",
        "resolved": "4.0.2",
        "contentHash": "kb5VIdvmGdmJ5UsUMnJwjiYkl95qSBZBvIZNBjb6zLWi2Or3P8aCIK+2mbTfg+XQY0/EL33TkVrhCtB0mZCdiQ==",
        "dependencies": {
          "ManagedBass": "4.0.2"
        }
      },
      "ManagedBass.Fx": {
        "type": "Direct",
        "requested": "[4.0.2, 4.0.2]",
        "resolved": "4.0.2",
        "contentHash": "kG7pGxrICvytN3yXuM+z5CJqiEbGyGFndVyBax556rSW+vDyyZ8+UCShA8ampaqdoWoIj7K/seAOoe/r0Uen/w==",
        "dependencies": {
          "ManagedBass": "4.0.2"
        }
      },
      "ManagedBass.Mix": {
        "type": "Direct",
        "requested": "[4.0.2, 4.0.2]",
        "resolved": "4.0.2",
        "contentHash": "LKhcTeFRFKKNntpCTrmYWBUeU3kyv/h6Z0iu3OxavnV0wkBmSXp2kyQKk9NLNO7oNMbwP1uNr5CKYYdY3vtfyw==",
        "dependencies": {
          "ManagedBass": "4.0.2"
        }
      },
      "ManagedBass.Wasapi": {
        "type": "Direct",
        "requested": "[4.0.2, 4.0.2]",
        "resolved": "4.0.2",
        "contentHash": "1vX5LZBquYm08FHXQo+6f3HMKbHZqMVQ+NbhzzePP9ftXbgZvjSez6mNbtkdnfYc0a0IwVD0jQ/JJQctUH0gKw==",
        "dependencies": {
          "ManagedBass": "4.0.2"
        }
      },
      "Microsoft.Xml.SgmlReader": {
        "type": "Direct",
        "requested": "[1.8.30, )",
        "resolved": "1.8.30",
        "contentHash": "aPLhDn2rg8aFo2JRpghTVi2/kU7ZEJSLUuXSHvedCyNhf15tneuhLldSfrjaCKP9MX6vp+tdpUE8wDxe2UnFjg=="
      },
      "Newtonsoft.Json": {
        "type": "Direct",
        "requested": "[13.0.4, )",
        "resolved": "13.0.4",
        "contentHash": "pdgNNMai3zv51W5aq268sujXUyx7SNdE2bj1wZcWjAQrKMFZV260lbqYop1d2GM67JI1huLRwxo9ZqnfF/lC6A=="
      },
      "NLog": {
        "type": "Direct",
        "requested": "[6.1.4, )",
        "resolved": "6.1.4",
        "contentHash": "ft6Lv17uoFuHTGWiY47FEXH7VA5HMHp973zodaOZAJyFg6mHL9RdXjqdNkRJXFo5plQJR+LPt5e6aAZU8KSDog=="
      },
      "SevenZipExtractor": {
        "type": "Direct",
        "requested": "[1.0.19, )",
        "resolved": "1.0.19",
        "contentHash": "tU9H3d8M6zx0u/0II/xecBKVjzX3BMB1v0NTSliSwlO+ryof7BIaiY0pMHd2eRqCWvyleFSERtQm4zQVG6fxAQ=="
      },
      "sqlite-net-pcl": {
        "type": "Direct",
        "requested": "[1.11.285, )",
        "resolved": "1.11.285",
        "contentHash": "6xmGBGgjD0s84PNSbUm5Ojk61TTWahayIHylq0eTk0InHRx1ZQnBlXM+UOVzl2cNEwDpdpNhVoK2y0Yg6XO4sg==",
        "dependencies": {
          "SQLitePCLRaw.core": "3.0.3",
          "SQLitePCLRaw.provider.e_sqlite3": "3.0.3",
          "SourceGear.sqlite3": "3.53.3"
        }
      },
      "SQLitePCLRaw.bundle_e_sqlite3": {
        "type": "Direct",
        "requested": "[3.0.4, )",
        "resolved": "3.0.4",
        "contentHash": "gg8vENKV/o0pWLI0eJxnTA4X9e63rOvzkCDMAOePDGLieNSHPCGUiJ4CQDqDyNqIf6IPVzD4TOjqY5ACygZkkA==",
        "dependencies": {
          "SQLitePCLRaw.config.e_sqlite3": "3.0.4",
          "SourceGear.sqlite3": "3.53.3"
        }
      },
      "LivetCask.Messaging": {
        "type": "Transitive",
        "resolved": "4.0.2",
        "contentHash": "zyFeUvDjALJQegYqg0MV9t969uzcp3hhtsNitRttfWPdpPUZBF0GSgMG/uy+bT1olmBOjCB6/2+MwG+5pB0IYA==",
        "dependencies": {
          "LivetCask.Core": "4.0.2",
          "LivetCask.EventListeners": "4.0.2",
          "Microsoft.Xaml.Behaviors.Wpf": "1.1.31"
        }
      },
      "Microsoft.Xaml.Behaviors.Wpf": {
        "type": "Transitive",
        "resolved": "1.1.31",
        "contentHash": "LZpuf82ACZWldmfMuv3CTUMDh3o0xo0uHUaybR5HgqVLDBJJ9RZLykplQ/bTJd0/VDt3EhD4iDgUgbdIUAM+Kg=="
      },
      "SourceGear.sqlite3": {
        "type": "Transitive",
        "resolved": "3.53.3",
        "contentHash": "PaDT7JwQ00HmXZT1xSGSC0c24A5lVpJYHMrXBuJATdpB2t0nf4Kq9HyPaZhxVW0elPq4XI1s5BLh7qLuObmzFA=="
      },
      "SQLitePCLRaw.config.e_sqlite3": {
        "type": "Transitive",
        "resolved": "3.0.4",
        "contentHash": "W2HMmjAZ1v27fbyzZtONCdC8Ma/tTr5wLAIr4Iq7T4oKrYaI4occJ5TBhSdK4pltwBJLQBG5DcQMz+/w9X4bbg==",
        "dependencies": {
          "SQLitePCLRaw.provider.e_sqlite3": "3.0.4"
        }
      },
      "SQLitePCLRaw.core": {
        "type": "Transitive",
        "resolved": "3.0.4",
        "contentHash": "cOjxfdjE4zQDvDVDUBfucKGXEaYos4l4l+TVwePJEHp/nl9fkgBz/lIVgfMH5dOyKRmNi6RsptUGtZsvsD7iYQ=="
      },
      "SQLitePCLRaw.provider.e_sqlite3": {
        "type": "Transitive",
        "resolved": "3.0.4",
        "contentHash": "L4uiEKeRSXxppkGE4iSpgBgC5lNvw2zEN/hAaxTecUS1+DhC6UEFhHaakSYYvnFq7x16B7DQcaXgXy0SkhSwnw==",
        "dependencies": {
          "SQLitePCLRaw.core": "3.0.4"
        }
      }
    },
    "net10.0-windows7.0/win-x64": {
      "SourceGear.sqlite3": {
        "type": "Transitive",
        "resolved": "3.53.3",
        "contentHash": "PaDT7JwQ00HmXZT1xSGSC0c24A5lVpJYHMrXBuJATdpB2t0nf4Kq9HyPaZhxVW0elPq4XI1s5BLh7qLuObmzFA=="
      }
    }
  }
}
